
Microsoft Visual Studio Solution File, Format Version 12.00
# Visual Studio Version 16
VisualStudioVersion = 16.0.31729.503
MinimumVisualStudioVersion = 10.0.40219.1
Project("{FAE04EC0-301F-11D3-BF4B-00C04F79EFBC}") = "Salvo", "Salvo\Salvo.csproj", "{4086E407-F68D-43CE-837E-E4954AB28515}"
EndProject
Global
	GlobalSection(SolutionConfigurationPlatforms) = preSolution
		Debug|Any CPU = Debug|Any CPU
		Release|Any CPU = Release|Any CPU
	EndGlobalSection
	GlobalSection(ProjectConfigurationPlatforms) = postSolution
		{4086E407-F68D-43CE-837E-E4954AB28515}.Debug|Any CPU.ActiveCfg = Debug|Any CPU
		{4086E407-F68D-43CE-837E-E4954AB28515}.Debug|Any CPU.Build.0 = Debug|Any CPU
		{4086E407-F68D-43CE-837E-E4954AB28515}.Release|Any CPU.ActiveCfg = Release|Any CPU
		{4086E407-F68D-43CE-837E-E4954AB28515}.Release|Any CPU.Build.0 = Release|Any CPU
	EndGlobalSection
	GlobalSection(SolutionProperties) = preSolution
		HideSolutionNode = FALSE
	EndGlobalSection
	GlobalSection(ExtensibilityGlobals) = postSolution
		SolutionGuid = {BE2BB8F3-8527-4B67-934C-A51ADBB235CA}
	EndGlobalSection
EndGlobal
